
Microsoft Visual Studio Solution File, Format Version 12.00
# Visual Studio 15
VisualStudioVersion = 15.0.27004.2006
MinimumVisualStudioVersion = 10.0.40219.1
Project("{FAE04EC0-301F-11D3-BF4B-00C04F79EFBC}") = "blog-api", "blog-api\blog-api.csproj", "{D4F0E73E-64F9-4EF7-A85D-C5E363AAB072}"
EndProject
Global
	GlobalSection(SolutionConfigurationPlatforms) = preSolution
		Debug|Any CPU = Debug|Any CPU
		Release|Any CPU = Release|Any CPU
	EndGlobalSection
	GlobalSection(ProjectConfigurationPlatforms) = postSolution
		{D4F0E73E-64F9-4EF7-A85D-C5E363AAB072}.Debug|Any CPU.ActiveCfg = Debug|Any CPU
		{D4F0E73E-64F9-4EF7-A85D-C5E363AAB072}.Debug|Any CPU.Build.0 = Debug|Any CPU
		{D4F0E73E-64F9-4EF7-A85D-C5E363AAB072}.Release|Any CPU.ActiveCfg = Release|Any CPU
		{D4F0E73E-64F9-4EF7-A85D-C5E363AAB072}.Release|Any CPU.Build.0 = Release|Any CPU
	EndGlobalSection
	GlobalSection(SolutionProperties) = preSolution
		HideSolutionNode = FALSE
	EndGlobalSection
	GlobalSection(ExtensibilityGlobals) = postSolution
		SolutionGuid = {9F0AB949-A531-4C3F-93F7-30192D2A2A93}
	EndGlobalSection
EndGlobal
